Microsoft Visual Studio Solution File, Format Version 9.00
# Visual Studio 2005
Project("{8BC9CEB8-8B4A-11D0-8D11-00A0C91BC942}") = "console", "console.vcproj", "{6642F358-EBF1-4B0A-9A09-3A001ABC1A33}"
EndProject
Global
	GlobalSection(SolutionConfigurationPlatforms) = preSolution
		Debug|Win32 = Debug|Win32
		Release|Win32 = Release|Win32
	EndGlobalSection
	GlobalSection(ProjectConfigurationPlatforms) = postSolution
		{6642F358-EBF1-4B0A-9A09-3A001ABC1A33}.Debug|Win32.ActiveCfg = Debug|Win32
		{6642F358-EBF1-4B0A-9A09-3A001ABC1A33}.Debug|Win32.Build.0 = Debug|Win32
		{6642F358-EBF1-4B0A-9A09-3A001ABC1A33}.Release|Win32.ActiveCfg = Release|Win32
		{6642F358-EBF1-4B0A-9A09-3A001ABC1A33}.Release|Win32.Build.0 = Release|Win32
	EndGlobalSection
	GlobalSection(SolutionProperties) = preSolution
		HideSolutionNode = FALSE
	EndGlobalSection
EndGlobal
